
Microsoft Visual Studio Solution File, Format Version 12.00
# Visual Studio 15
VisualStudioVersion = 15.0.28010.2050
MinimumVisualStudioVersion = 10.0.40219.1
Project("{FAE04EC0-301F-11D3-BF4B-00C04F79EFBC}") = "ConsoleApp2", "ConsoleApp2\ConsoleApp2.csproj", "{DE4A7198-A9EF-4A1A-924C-CF304F83E762}"
EndProject
Global
	GlobalSection(SolutionConfigurationPlatforms) = preSolution
		Debug|Any CPU = Debug|Any CPU
		Release|Any CPU = Release|Any CPU
	EndGlobalSection
	GlobalSection(ProjectConfigurationPlatforms) = postSolution
		{DE4A7198-A9EF-4A1A-924C-CF304F83E762}.Debug|Any CPU.ActiveCfg = Debug|Any CPU
		{DE4A7198-A9EF-4A1A-924C-CF304F83E762}.Debug|Any CPU.Build.0 = Debug|Any CPU
		{DE4A7198-A9EF-4A1A-924C-CF304F83E762}.Release|Any CPU.ActiveCfg = Release|Any CPU
		{DE4A7198-A9EF-4A1A-924C-CF304F83E762}.Release|Any CPU.Build.0 = Release|Any CPU
	EndGlobalSection
	GlobalSection(SolutionProperties) = preSolution
		HideSolutionNode = FALSE
	EndGlobalSection
	GlobalSection(ExtensibilityGlobals) = postSolution
		SolutionGuid = {1B151818-7988-46E3-AFB3-A0BE783F7FEA}
	EndGlobalSection
EndGlobal
